
Microsoft Visual Studio Solution File, Format Version 12.00
# Visual Studio Version 17
VisualStudioVersion = 17.4.33205.214
MinimumVisualStudioVersion = 10.0.40219.1
Project("{FAE04EC0-301F-11D3-BF4B-00C04F79EFBC}") = "PianoSekai", "PianoSekai.csproj", "{517356BB-CF2E-4A39-AE04-3DAC742FB197}"
EndProject
Global
	GlobalSection(SolutionConfigurationPlatforms) = preSolution
		Debug|Any CPU = Debug|Any CPU
		Release|Any CPU = Release|Any CPU
	EndGlobalSection
	GlobalSection(ProjectConfigurationPlatforms) = postSolution
		{517356BB-CF2E-4A39-AE04-3DAC742FB197}.Debug|Any CPU.ActiveCfg = Debug|Any CPU
		{517356BB-CF2E-4A39-AE04-3DAC742FB197}.Debug|Any CPU.Build.0 = Debug|Any CPU
		{517356BB-CF2E-4A39-AE04-3DAC742FB197}.Release|Any CPU.ActiveCfg = Release|Any CPU
		{517356BB-CF2E-4A39-AE04-3DAC742FB197}.Release|Any CPU.Build.0 = Release|Any CPU
	EndGlobalSection
	GlobalSection(SolutionProperties) = preSolution
		HideSolutionNode = FALSE
	EndGlobalSection
	GlobalSection(ExtensibilityGlobals) = postSolution
		SolutionGuid = {5BFF9413-C857-4B84-A623-B7C8425864A9}
	EndGlobalSection
EndGlobal
